
Microsoft Visual Studio Solution File, Format Version 12.00
# Visual Studio Version 17
VisualStudioVersion = 17.11.35312.102
MinimumVisualStudioVersion = 10.0.40219.1
Project("{FAE04EC0-301F-11D3-BF4B-00C04F79EFBC}") = "Excep1", "Excep1.csproj", "{374C5E46-E45E-416E-AFDD-FE8D420A8B53}"
EndProject
Global
	GlobalSection(SolutionConfigurationPlatforms) = preSolution
		Debug|Any CPU = Debug|Any CPU
		Release|Any CPU = Release|Any CPU
	EndGlobalSection
	GlobalSection(ProjectConfigurationPlatforms) = postSolution
		{374C5E46-E45E-416E-AFDD-FE8D420A8B53}.Debug|Any CPU.ActiveCfg = Debug|Any CPU
		{374C5E46-E45E-416E-AFDD-FE8D420A8B53}.Debug|Any CPU.Build.0 = Debug|Any CPU
		{374C5E46-E45E-416E-AFDD-FE8D420A8B53}.Release|Any CPU.ActiveCfg = Release|Any CPU
		{374C5E46-E45E-416E-AFDD-FE8D420A8B53}.Release|Any CPU.Build.0 = Release|Any CPU
	EndGlobalSection
	GlobalSection(SolutionProperties) = preSolution
		HideSolutionNode = FALSE
	EndGlobalSection
	GlobalSection(ExtensibilityGlobals) = postSolution
		SolutionGuid = {D6C8D06D-F883-427D-ADF6-B0FDEEA50266}
	EndGlobalSection
EndGlobal
